
Microsoft Visual Studio Solution File, Format Version 12.00
# Visual Studio 14
VisualStudioVersion = 14.0.25123.0
MinimumVisualStudioVersion = 10.0.40219.1
Project("{FAE04EC0-301F-11D3-BF4B-00C04F79EFBC}") = "CCGProjectLib", "CCGProjectLib\CCGProjectLib.csproj", "{3FECB636-1748-4993-A6E7-DE93A3B64466}"
EndProject
Project("{FAE04EC0-301F-11D3-BF4B-00C04F79EFBC}") = "UnitTests", "UnitTests\UnitTests.csproj", "{FCAEB552-5828-4D7C-B2B5-E60A62745D12}"
EndProject
Global
	GlobalSection(SolutionConfigurationPlatforms) = preSolution
		Debug|Any CPU = Debug|Any CPU
		Release|Any CPU = Release|Any CPU
	EndGlobalSection
	GlobalSection(ProjectConfigurationPlatforms) = postSolution
		{3FECB636-1748-4993-A6E7-DE93A3B64466}.Debug|Any CPU.ActiveCfg = Debug|Any CPU
		{3FECB636-1748-4993-A6E7-DE93A3B64466}.Debug|Any CPU.Build.0 = Debug|Any CPU
		{3FECB636-1748-4993-A6E7-DE93A3B64466}.Release|Any CPU.ActiveCfg = Release|Any CPU
		{3FECB636-1748-4993-A6E7-DE93A3B64466}.Release|Any CPU.Build.0 = Release|Any CPU
		{FCAEB552-5828-4D7C-B2B5-E60A62745D12}.Debug|Any CPU.ActiveCfg = Debug|Any CPU
		{FCAEB552-5828-4D7C-B2B5-E60A62745D12}.Debug|Any CPU.Build.0 = Debug|Any CPU
		{FCAEB552-5828-4D7C-B2B5-E60A62745D12}.Release|Any CPU.ActiveCfg = Release|Any CPU
		{FCAEB552-5828-4D7C-B2B5-E60A62745D12}.Release|Any CPU.Build.0 = Release|Any CPU
	EndGlobalSection
	GlobalSection(SolutionProperties) = preSolution
		HideSolutionNode = FALSE
	EndGlobalSection
EndGlobal
